
Microsoft Visual Studio Solution File, Format Version 10.00
# Visual C++ Express 2008
Project("{8BC9CEB8-8B4A-11D0-8D11-00A0C91BC942}") = "perceptron", "perceptron.vcproj", "{9ACDABB8-129D-40C3-9BA8-CBD0C9D24E5E}"
EndProject
Global
	GlobalSection(SolutionConfigurationPlatforms) = preSolution
		Debug|Win32 = Debug|Win32
		Release|Win32 = Release|Win32
	EndGlobalSection
	GlobalSection(ProjectConfigurationPlatforms) = postSolution
		{9ACDABB8-129D-40C3-9BA8-CBD0C9D24E5E}.Debug|Win32.ActiveCfg = Debug|Win32
		{9ACDABB8-129D-40C3-9BA8-CBD0C9D24E5E}.Debug|Win32.Build.0 = Debug|Win32
		{9ACDABB8-129D-40C3-9BA8-CBD0C9D24E5E}.Release|Win32.ActiveCfg = Release|Win32
		{9ACDABB8-129D-40C3-9BA8-CBD0C9D24E5E}.Release|Win32.Build.0 = Release|Win32
	EndGlobalSection
	GlobalSection(SolutionProperties) = preSolution
		HideSolutionNode = FALSE
	EndGlobalSection
EndGlobal
